
Microsoft Visual Studio Solution File, Format Version 12.00
# Visual Studio Version 16
VisualStudioVersion = 16.0.29613.14
MinimumVisualStudioVersion = 10.0.40219.1
Project("{FAE04EC0-301F-11D3-BF4B-00C04F79EFBC}") = "DialogProvider.Metro.Showcase", "DialogProvider.Metro.Showcase\DialogProvider.Metro.Showcase.csproj", "{9C2B3D3E-A3F3-4CFC-BE59-0E3BC9B235D3}"
EndProject
Project("{9A19103F-16F7-4668-BE54-9A1E7A4F7556}") = "DialogProvider", "DialogProvider\DialogProvider.csproj", "{217EEE1F-BD84-4680-AC35-3C08D678F91E}"
EndProject
Project("{9A19103F-16F7-4668-BE54-9A1E7A4F7556}") = "DialogProvider.Metro", "DialogProvider.Metro\DialogProvider.Metro.csproj", "{58700455-7F29-4223-9FAF-7EAF273AB06F}"
EndProject
Global
	GlobalSection(SolutionConfigurationPlatforms) = preSolution
		Debug|Any CPU = Debug|Any CPU
		Release|Any CPU = Release|Any CPU
	EndGlobalSection
	GlobalSection(ProjectConfigurationPlatforms) = postSolution
		{9C2B3D3E-A3F3-4CFC-BE59-0E3BC9B235D3}.Debug|Any CPU.ActiveCfg = Debug|Any CPU
		{9C2B3D3E-A3F3-4CFC-BE59-0E3BC9B235D3}.Debug|Any CPU.Build.0 = Debug|Any CPU
		{9C2B3D3E-A3F3-4CFC-BE59-0E3BC9B235D3}.Release|Any CPU.ActiveCfg = Release|Any CPU
		{9C2B3D3E-A3F3-4CFC-BE59-0E3BC9B235D3}.Release|Any CPU.Build.0 = Release|Any CPU
		{217EEE1F-BD84-4680-AC35-3C08D678F91E}.Debug|Any CPU.ActiveCfg = Debug|Any CPU
		{217EEE1F-BD84-4680-AC35-3C08D678F91E}.Debug|Any CPU.Build.0 = Debug|Any CPU
		{217EEE1F-BD84-4680-AC35-3C08D678F91E}.Release|Any CPU.ActiveCfg = Release|Any CPU
		{217EEE1F-BD84-4680-AC35-3C08D678F91E}.Release|Any CPU.Build.0 = Release|Any CPU
		{58700455-7F29-4223-9FAF-7EAF273AB06F}.Debug|Any CPU.ActiveCfg = Debug|Any CPU
		{58700455-7F29-4223-9FAF-7EAF273AB06F}.Debug|Any CPU.Build.0 = Debug|Any CPU
		{58700455-7F29-4223-9FAF-7EAF273AB06F}.Release|Any CPU.ActiveCfg = Release|Any CPU
		{58700455-7F29-4223-9FAF-7EAF273AB06F}.Release|Any CPU.Build.0 = Release|Any CPU
	EndGlobalSection
	GlobalSection(SolutionProperties) = preSolution
		HideSolutionNode = FALSE
	EndGlobalSection
	GlobalSection(ExtensibilityGlobals) = postSolution
		SolutionGuid = {1683AC5E-353D-4B43-B5F9-15BB3EED973A}
	EndGlobalSection
EndGlobal
